
Microsoft Visual Studio Solution File, Format Version 12.00
# Visual Studio Version 16
VisualStudioVersion = 16.0.30804.86
MinimumVisualStudioVersion = 10.0.40219.1
Project("{FAE04EC0-301F-11D3-BF4B-00C04F79EFBC}") = "TicTacToe", "TicTacToe\TicTacToe.csproj", "{4F3E9A4C-3183-4421-84B1-1F1ACDF2FEFC}"
EndProject
Global
	GlobalSection(SolutionConfigurationPlatforms) = preSolution
		Debug|Any CPU = Debug|Any CPU
		Release|Any CPU = Release|Any CPU
	EndGlobalSection
	GlobalSection(ProjectConfigurationPlatforms) = postSolution
		{4F3E9A4C-3183-4421-84B1-1F1ACDF2FEFC}.Debug|Any CPU.ActiveCfg = Debug|Any CPU
		{4F3E9A4C-3183-4421-84B1-1F1ACDF2FEFC}.Debug|Any CPU.Build.0 = Debug|Any CPU
		{4F3E9A4C-3183-4421-84B1-1F1ACDF2FEFC}.Release|Any CPU.ActiveCfg = Release|Any CPU
		{4F3E9A4C-3183-4421-84B1-1F1ACDF2FEFC}.Release|Any CPU.Build.0 = Release|Any CPU
	EndGlobalSection
	GlobalSection(SolutionProperties) = preSolution
		HideSolutionNode = FALSE
	EndGlobalSection
	GlobalSection(ExtensibilityGlobals) = postSolution
		SolutionGuid = {DB8403F2-D3F0-4F2D-A57D-17ED2B972D24}
	EndGlobalSection
EndGlobal
